// !$*UTF8*$!
{
	archiveVersion = 1;
	classes = {
	};
	objectVersion = 50;
	objects = {

/* Begin PBXBuildFile section */
		1824D89925E281C900E4696E /* ImageCacheManager.swift in Sources */ = {isa = PBXBuildFile; fileRef = 1824D89825E281C900E4696E /* ImageCacheManager.swift */; };
		1824D89C25E2ABF000E4696E /* SearchViewController.swift in Sources */ = {isa = PBXBuildFile; fileRef = 1824D89B25E2ABF000E4696E /* SearchViewController.swift */; };
		1824D89F25E2B4A900E4696E /* LRUCache.swift in Sources */ = {isa = PBXBuildFile; fileRef = 1824D89E25E2B4A900E4696E /* LRUCache.swift */; };
		186CD82A25E0F2B800926E91 /* AppDelegate.swift in Sources */ = {isa = PBXBuildFile; fileRef = 186CD82925E0F2B800926E91 /* AppDelegate.swift */; };
		186CD82C25E0F2B800926E91 /* SceneDelegate.swift in Sources */ = {isa = PBXBuildFile; fileRef = 186CD82B25E0F2B800926E91 /* SceneDelegate.swift */; };
		186CD82E25E0F2B800926E91 /* ImageSearchResultViewController.swift in Sources */ = {isa = PBXBuildFile; fileRef = 186CD82D25E0F2B800926E91 /* ImageSearchResultViewController.swift */; };
		186CD83125E0F2B800926E91 /* Main.storyboard in Resources */ = {isa = PBXBuildFile; fileRef = 186CD82F25E0F2B800926E91 /* Main.storyboard */; };
		186CD83325E0F2BB00926E91 /* Assets.xcassets in Resources */ = {isa = PBXBuildFile; fileRef = 186CD83225E0F2BB00926E91 /* Assets.xcassets */; };
		186CD83625E0F2BB00926E91 /* LaunchScreen.storyboard in Resources */ = {isa = PBXBuildFile; fileRef = 186CD83425E0F2BB00926E91 /* LaunchScreen.storyboard */; };
		186CD84A25E0FCFE00926E91 /* SearchImageItem.swift in Sources */ = {isa = PBXBuildFile; fileRef = 186CD84925E0FCFE00926E91 /* SearchImageItem.swift */; };
		1898490C25E107AF00C5F6B9 /* PreviewImageCell.xib in Resources */ = {isa = PBXBuildFile; fileRef = 1898490B25E107AF00C5F6B9 /* PreviewImageCell.xib */; };
		1898490F25E108C500C5F6B9 /* PreviewImageCell.swift in Sources */ = {isa = PBXBuildFile; fileRef = 1898490E25E108C500C5F6B9 /* PreviewImageCell.swift */; };
		1898491625E1FCE800C5F6B9 /* FullScreenImageViewController.swift in Sources */ = {isa = PBXBuildFile; fileRef = 1898491525E1FCE800C5F6B9 /* FullScreenImageViewController.swift */; };
		1898491925E2019900C5F6B9 /* FullScreenImageCell.swift in Sources */ = {isa = PBXBuildFile; fileRef = 1898491825E2019900C5F6B9 /* FullScreenImageCell.swift */; };
		1898491C25E201B300C5F6B9 /* FullScreenImageCell.xib in Resources */ = {isa = PBXBuildFile; fileRef = 1898491B25E201B300C5F6B9 /* FullScreenImageCell.xib */; };
		18C2CF9225F217C600A8E189 /* SearchViewModel.swift in Sources */ = {isa = PBXBuildFile; fileRef = 18C2CF9125F217C600A8E189 /* SearchViewModel.swift */; };
		18C2CF9525F217E700A8E189 /* ImageSearchResultViewModel.swift in Sources */ = {isa = PBXBuildFile; fileRef = 18C2CF9425F217E700A8E189 /* ImageSearchResultViewModel.swift */; };
		18D16FCA25E105BE00905A81 /* NetworkManager.swift in Sources */ = {isa = PBXBuildFile; fileRef = 18D16FC925E105BE00905A81 /* NetworkManager.swift */; };
/* End PBXBuildFile section */

/* Begin PBXFileReference section */
		1824D89825E281C900E4696E /* ImageCacheManager.swift */ = {isa = PBXFileReference; lastKnownFileType = sourcecode.swift; path = ImageCacheManager.swift; sourceTree = "<group>"; };
		1824D89B25E2ABF000E4696E /* SearchViewController.swift */ = {isa = PBXFileReference; lastKnownFileType = sourcecode.swift; path = SearchViewController.swift; sourceTree = "<group>"; };
		1824D89E25E2B4A900E4696E /* LRUCache.swift */ = {isa = PBXFileReference; lastKnownFileType = sourcecode.swift; path = LRUCache.swift; sourceTree = "<group>"; };
		186CD82625E0F2B800926E91 /* SkuadAssignment.app */ = {isa = PBXFileReference; explicitFileType = wrapper.application; includeInIndex = 0; path = SkuadAssignment.app; sourceTree = BUILT_PRODUCTS_DIR; };
		186CD82925E0F2B800926E91 /* AppDelegate.swift */ = {isa = PBXFileReference; lastKnownFileType = sourcecode.swift; path = AppDelegate.swift; sourceTree = "<group>"; };
		186CD82B25E0F2B800926E91 /* SceneDelegate.swift */ = {isa = PBXFileReference; lastKnownFileType = sourcecode.swift; path = SceneDelegate.swift; sourceTree = "<group>"; };
		186CD82D25E0F2B800926E91 /* ImageSearchResultViewController.swift */ = {isa = PBXFileReference; lastKnownFileType = sourcecode.swift; path = ImageSearchResultViewController.swift; sourceTree = "<group>"; };
		186CD83025E0F2B800926E91 /* Base */ = {isa = PBXFileReference; lastKnownFileType = file.storyboard; name = Base; path = Base.lproj/Main.storyboard; sourceTree = "<group>"; };
		186CD83225E0F2BB00926E91 /* Assets.xcassets */ = {isa = PBXFileReference; lastKnownFileType = folder.assetcatalog; path = Assets.xcassets; sourceTree = "<group>"; };
		186CD83525E0F2BB00926E91 /* Base */ = {isa = PBXFileReference; lastKnownFileType = file.storyboard; name = Base; path = Base.lproj/LaunchScreen.storyboard; sourceTree = "<group>"; };
		186CD83725E0F2BB00926E91 /* Info.plist */ = {isa = PBXFileReference; lastKnownFileType = text.plist.xml; path = Info.plist; sourceTree = "<group>"; };
		186CD84925E0FCFE00926E91 /* SearchImageItem.swift */ = {isa = PBXFileReference; lastKnownFileType = sourcecode.swift; path = SearchImageItem.swift; sourceTree = "<group>"; };
		1898490B25E107AF00C5F6B9 /* PreviewImageCell.xib */ = {isa = PBXFileReference; lastKnownFileType = file.xib; path = PreviewImageCell.xib; sourceTree = "<group>"; };
		1898490E25E108C500C5F6B9 /* PreviewImageCell.swift */ = {isa = PBXFileReference; lastKnownFileType = sourcecode.swift; path = PreviewImageCell.swift; sourceTree = "<group>"; };
		1898491525E1FCE800C5F6B9 /* FullScreenImageViewController.swift */ = {isa = PBXFileReference; lastKnownFileType = sourcecode.swift; path = FullScreenImageViewController.swift; sourceTree = "<group>"; };
		1898491825E2019900C5F6B9 /* FullScreenImageCell.swift */ = {isa = PBXFileReference; lastKnownFileType = sourcecode.swift; path = FullScreenImageCell.swift; sourceTree = "<group>"; };
		1898491B25E201B300C5F6B9 /* FullScreenImageCell.xib */ = {isa = PBXFileReference; lastKnownFileType = file.xib; path = FullScreenImageCell.xib; sourceTree = "<group>"; };
		18C2CF9125F217C600A8E189 /* SearchViewModel.swift */ = {isa = PBXFileReference; lastKnownFileType = sourcecode.swift; path = SearchViewModel.swift; sourceTree = "<group>"; };
		18C2CF9425F217E700A8E189 /* ImageSearchResultViewModel.swift */ = {isa = PBXFileReference; lastKnownFileType = sourcecode.swift; path = ImageSearchResultViewModel.swift; sourceTree = "<group>"; };
		18D16FC925E105BE00905A81 /* NetworkManager.swift */ = {isa = PBXFileReference; lastKnownFileType = sourcecode.swift; path = NetworkManager.swift; sourceTree = "<group>"; };
/* End PBXFileReference section */

/* Begin PBXFrameworksBuildPhase section */
		186CD82325E0F2B800926E91 /* Frameworks */ = {
			isa = PBXFrameworksBuildPhase;
			buildActionMask = 2147483647;
			files = (
			);
			runOnlyForDeploymentPostprocessing = 0;
		};
/* End PBXFrameworksBuildPhase section */

/* Begin PBXGroup section */
		1824D8A325E2CB8100E4696E /* Caching */ = {
			isa = PBXGroup;
			children = (
				1824D89E25E2B4A900E4696E /* LRUCache.swift */,
				1824D89825E281C900E4696E /* ImageCacheManager.swift */,
			);
			path = Caching;
			sourceTree = "<group>";
		};
		186CD81D25E0F2B800926E91 = {
			isa = PBXGroup;
			children = (
				186CD82825E0F2B800926E91 /* SkuadAssignment */,
				186CD82725E0F2B800926E91 /* Products */,
			);
			sourceTree = "<group>";
		};
		186CD82725E0F2B800926E91 /* Products */ = {
			isa = PBXGroup;
			children = (
				186CD82625E0F2B800926E91 /* SkuadAssignment.app */,
			);
			name = Products;
			sourceTree = "<group>";
		};
		186CD82825E0F2B800926E91 /* SkuadAssignment */ = {
			isa = PBXGroup;
			children = (
				186CD82925E0F2B800926E91 /* AppDelegate.swift */,
				186CD82B25E0F2B800926E91 /* SceneDelegate.swift */,
				1824D8A325E2CB8100E4696E /* Caching */,
				186CD84325E0F8C500926E91 /* NetworkLayer */,
				186CD84425E0F8D400926E91 /* View */,
				186CD84225E0F8AD00926E91 /* Model */,
				18C2CF9025F217A800A8E189 /* ViewModels */,
				186CD83225E0F2BB00926E91 /* Assets.xcassets */,
				186CD83425E0F2BB00926E91 /* LaunchScreen.storyboard */,
				186CD83725E0F2BB00926E91 /* Info.plist */,
			);
			path = SkuadAssignment;
			sourceTree = "<group>";
		};
		186CD84225E0F8AD00926E91 /* Model */ = {
			isa = PBXGroup;
			children = (
				186CD84925E0FCFE00926E91 /* SearchImageItem.swift */,
			);
			path = Model;
			sourceTree = "<group>";
		};
		186CD84325E0F8C500926E91 /* NetworkLayer */ = {
			isa = PBXGroup;
			children = (
				18D16FC925E105BE00905A81 /* NetworkManager.swift */,
			);
			path = NetworkLayer;
			sourceTree = "<group>";
		};
		186CD84425E0F8D400926E91 /* View */ = {
			isa = PBXGroup;
			children = (
				186CD82F25E0F2B800926E91 /* Main.storyboard */,
				1898490B25E107AF00C5F6B9 /* PreviewImageCell.xib */,
				1898490E25E108C500C5F6B9 /* PreviewImageCell.swift */,
				1898491825E2019900C5F6B9 /* FullScreenImageCell.swift */,
				1898491B25E201B300C5F6B9 /* FullScreenImageCell.xib */,
				1824D89B25E2ABF000E4696E /* SearchViewController.swift */,
				186CD82D25E0F2B800926E91 /* ImageSearchResultViewController.swift */,
				1898491525E1FCE800C5F6B9 /* FullScreenImageViewController.swift */,
			);
			path = View;
			sourceTree = "<group>";
		};
		18C2CF9025F217A800A8E189 /* ViewModels */ = {
			isa = PBXGroup;
			children = (
				18C2CF9125F217C600A8E189 /* SearchViewModel.swift */,
				18C2CF9425F217E700A8E189 /* ImageSearchResultViewModel.swift */,
			);
			name = ViewModels;
			path = Model/ViewModels;
			sourceTree = "<group>";
		};
/* End PBXGroup section */

/* Begin PBXNativeTarget section */
		186CD82525E0F2B800926E91 /* SkuadAssignment */ = {
			isa = PBXNativeTarget;
			buildConfigurationList = 186CD83A25E0F2BB00926E91 /* Build configuration list for PBXNativeTarget "SkuadAssignment" */;
			buildPhases = (
				186CD82225E0F2B800926E91 /* Sources */,
				186CD82325E0F2B800926E91 /* Frameworks */,
				186CD82425E0F2B800926E91 /* Resources */,
			);
			buildRules = (
			);
			dependencies = (
			);
			name = SkuadAssignment;
			productName = SkuadAssignment;
			productReference = 186CD82625E0F2B800926E91 /* SkuadAssignment.app */;
			productType = "com.apple.product-type.application";
		};
/* End PBXNativeTarget section */

/* Begin PBXProject section */
		186CD81E25E0F2B800926E91 /* Project object */ = {
			isa = PBXProject;
			attributes = {
				LastSwiftUpdateCheck = 1200;
				LastUpgradeCheck = 1200;
				TargetAttributes = {
					186CD82525E0F2B800926E91 = {
						CreatedOnToolsVersion = 12.0;
					};
				};
			};
			buildConfigurationList = 186CD82125E0F2B800926E91 /* Build configuration list for PBXProject "SkuadAssignment" */;
			compatibilityVersion = "Xcode 9.3";
			developmentRegion = en;
			hasScannedForEncodings = 0;
			knownRegions = (
				en,
				Base,
			);
			mainGroup = 186CD81D25E0F2B800926E91;
			productRefGroup = 186CD82725E0F2B800926E91 /* Products */;
			projectDirPath = "";
			projectRoot = "";
			targets = (
				186CD82525E0F2B800926E91 /* SkuadAssignment */,
			);
		};
/* End PBXProject section */

/* Begin PBXResourcesBuildPhase section */
		186CD82425E0F2B800926E91 /* Resources */ = {
			isa = PBXResourcesBuildPhase;
			buildActionMask = 2147483647;
			files = (
				186CD83625E0F2BB00926E91 /* LaunchScreen.storyboard in Resources */,
				186CD83325E0F2BB00926E91 /* Assets.xcassets in Resources */,
				1898490C25E107AF00C5F6B9 /* PreviewImageCell.xib in Resources */,
				1898491C25E201B300C5F6B9 /* FullScreenImageCell.xib in Resources */,
				186CD83125E0F2B800926E91 /* Main.storyboard in Resources */,
			);
			runOnlyForDeploymentPostprocessing = 0;
		};
/* End PBXResourcesBuildPhase section */

/* Begin PBXSourcesBuildPhase section */
		186CD82225E0F2B800926E91 /* Sources */ = {
			isa = PBXSourcesBuildPhase;
			buildActionMask = 2147483647;
			files = (
				1824D89F25E2B4A900E4696E /* LRUCache.swift in Sources */,
				1824D89C25E2ABF000E4696E /* SearchViewController.swift in Sources */,
				18C2CF9525F217E700A8E189 /* ImageSearchResultViewModel.swift in Sources */,
				1898490F25E108C500C5F6B9 /* PreviewImageCell.swift in Sources */,
				186CD84A25E0FCFE00926E91 /* SearchImageItem.swift in Sources */,
				1824D89925E281C900E4696E /* ImageCacheManager.swift in Sources */,
				1898491925E2019900C5F6B9 /* FullScreenImageCell.swift in Sources */,
				18C2CF9225F217C600A8E189 /* SearchViewModel.swift in Sources */,
				186CD82E25E0F2B800926E91 /* ImageSearchResultViewController.swift in Sources */,
				18D16FCA25E105BE00905A81 /* NetworkManager.swift in Sources */,
				1898491625E1FCE800C5F6B9 /* FullScreenImageViewController.swift in Sources */,
				186CD82A25E0F2B800926E91 /* AppDelegate.swift in Sources */,
				186CD82C25E0F2B800926E91 /* SceneDelegate.swift in Sources */,
			);
			runOnlyForDeploymentPostprocessing = 0;
		};
/* End PBXSourcesBuildPhase section */

/* Begin PBXVariantGroup section */
		186CD82F25E0F2B800926E91 /* Main.storyboard */ = {
			isa = PBXVariantGroup;
			children = (
				186CD83025E0F2B800926E91 /* Base */,
			);
			name = Main.storyboard;
			sourceTree = "<group>";
		};
		186CD83425E0F2BB00926E91 /* LaunchScreen.storyboard */ = {
			isa = PBXVariantGroup;
			children = (
				186CD83525E0F2BB00926E91 /* Base */,
			);
			name = LaunchScreen.storyboard;
			sourceTree = "<group>";
		};
/* End PBXVariantGroup section */

/* Begin XCBuildConfiguration section */
		186CD83825E0F2BB00926E91 /* Debug */ = {
			isa = XCBuildConfiguration;
			buildSettings = {
				ALWAYS_SEARCH_USER_PATHS = NO;
				CLANG_ANALYZER_NONNULL = YES;
				CLANG_ANALYZER_NUMBER_OBJECT_CONVERSION = YES_AGGRESSIVE;
				CLANG_CXX_LANGUAGE_STANDARD = "gnu++14";
				CLANG_CXX_LIBRARY = "libc++";
				CLANG_ENABLE_MODULES = YES;
				CLANG_ENABLE_OBJC_ARC = YES;
				CLANG_ENABLE_OBJC_WEAK = YES;
				CLANG_WARN_BLOCK_CAPTURE_AUTORELEASING = YES;
				CLANG_WARN_BOOL_CONVERSION = YES;
				CLANG_WARN_COMMA = YES;
				CLANG_WARN_CONSTANT_CONVERSION = YES;
				CLANG_WARN_DEPRECATED_OBJC_IMPLEMENTATIONS = YES;
				CLANG_WARN_DIRECT_OBJC_ISA_USAGE = YES_ERROR;
				CLANG_WARN_DOCUMENTATION_COMMENTS = YES;
				CLANG_WARN_EMPTY_BODY = YES;
				CLANG_WARN_ENUM_CONVERSION = YES;
				CLANG_WARN_INFINITE_RECURSION = YES;
				CLANG_WARN_INT_CONVERSION = YES;
				CLANG_WARN_NON_LITERAL_NULL_CONVERSION = YES;
				CLANG_WARN_OBJC_IMPLICIT_RETAIN_SELF = YES;
				CLANG_WARN_OBJC_LITERAL_CONVERSION = YES;
				CLANG_WARN_OBJC_ROOT_CLASS = YES_ERROR;
				CLANG_WARN_QUOTED_INCLUDE_IN_FRAMEWORK_HEADER = YES;
				CLANG_WARN_RANGE_LOOP_ANALYSIS = YES;
				CLANG_WARN_STRICT_PROTOTYPES = YES;
				CLANG_WARN_SUSPICIOUS_MOVE = YES;
				CLANG_WARN_UNGUARDED_AVAILABILITY = YES_AGGRESSIVE;
				CLANG_WARN_UNREACHABLE_CODE = YES;
				CLANG_WARN__DUPLICATE_METHOD_MATCH = YES;
				COPY_PHASE_STRIP = NO;
				DEBUG_INFORMATION_FORMAT = dwarf;
				ENABLE_STRICT_OBJC_MSGSEND = YES;
				ENABLE_TESTABILITY = YES;
				GCC_C_LANGUAGE_STANDARD = gnu11;
				GCC_DYNAMIC_NO_PIC = NO;
				GCC_NO_COMMON_BLOCKS = YES;
				GCC_OPTIMIZATION_LEVEL = 0;
				GCC_PREPROCESSOR_DEFINITIONS = (
					"DEBUG=1",
					"$(inherited)",
				);
				GCC_WARN_64_TO_32_BIT_CONVERSION = YES;
				GCC_WARN_ABOUT_RETURN_TYPE = YES_ERROR;
				GCC_WARN_UNDECLARED_SELECTOR = YES;
				GCC_WARN_UNINITIALIZED_AUTOS = YES_AGGRESSIVE;
				GCC_WARN_UNUSED_FUNCTION = YES;
				GCC_WARN_UNUSED_VARIABLE = YES;
				IPHONEOS_DEPLOYMENT_TARGET = 14.0;
				MTL_ENABLE_DEBUG_INFO = INCLUDE_SOURCE;
				MTL_FAST_MATH = YES;
				ONLY_ACTIVE_ARCH = YES;
				SDKROOT = iphoneos;
				SWIFT_ACTIVE_COMPILATION_CONDITIONS = DEBUG;
				SWIFT_OPTIMIZATION_LEVEL = "-Onone";
			};
			name = Debug;
		};
		186CD83925E0F2BB00926E91 /* Release */ = {
			isa = XCBuildConfiguration;
			buildSettings = {
				ALWAYS_SEARCH_USER_PATHS = NO;
				CLANG_ANALYZER_NONNULL = YES;
				CLANG_ANALYZER_NUMBER_OBJECT_CONVERSION = YES_AGGRESSIVE;
				CLANG_CXX_LANGUAGE_STANDARD = "gnu++14";
				CLANG_CXX_LIBRARY = "libc++";
				CLANG_ENABLE_MODULES = YES;
				CLANG_ENABLE_OBJC_ARC = YES;
				CLANG_ENABLE_OBJC_WEAK = YES;
				CLANG_WARN_BLOCK_CAPTURE_AUTORELEASING = YES;
				CLANG_WARN_BOOL_CONVERSION = YES;
				CLANG_WARN_COMMA = YES;
				CLANG_WARN_CONSTANT_CONVERSION = YES;
				CLANG_WARN_DEPRECATED_OBJC_IMPLEMENTATIONS = YES;
				CLANG_WARN_DIRECT_OBJC_ISA_USAGE = YES_ERROR;
				CLANG_WARN_DOCUMENTATION_COMMENTS = YES;
				CLANG_WARN_EMPTY_BODY = YES;
				CLANG_WARN_ENUM_CONVERSION = YES;
				CLANG_WARN_INFINITE_RECURSION = YES;
				CLANG_WARN_INT_CONVERSION = YES;
				CLANG_WARN_NON_LITERAL_NULL_CONVERSION = YES;
				CLANG_WARN_OBJC_IMPLICIT_RETAIN_SELF = YES;
				CLANG_WARN_OBJC_LITERAL_CONVERSION = YES;
				CLANG_WARN_OBJC_ROOT_CLASS = YES_ERROR;
				CLANG_WARN_QUOTED_INCLUDE_IN_FRAMEWORK_HEADER = YES;
				CLANG_WARN_RANGE_LOOP_ANALYSIS = YES;
				CLANG_WARN_STRICT_PROTOTYPES = YES;
				CLANG_WARN_SUSPICIOUS_MOVE = YES;
				CLANG_WARN_UNGUARDED_AVAILABILITY = YES_AGGRESSIVE;
				CLANG_WARN_UNREACHABLE_CODE = YES;
				CLANG_WARN__DUPLICATE_METHOD_MATCH = YES;
				COPY_PHASE_STRIP = NO;
				DEBUG_INFORMATION_FORMAT = "dwarf-with-dsym";
				ENABLE_NS_ASSERTIONS = NO;
				ENABLE_STRICT_OBJC_MSGSEND = YES;
				GCC_C_LANGUAGE_STANDARD = gnu11;
				GCC_NO_COMMON_BLOCKS = YES;
				GCC_WARN_64_TO_32_BIT_CONVERSION = YES;
				GCC_WARN_ABOUT_RETURN_TYPE = YES_ERROR;
				GCC_WARN_UNDECLARED_SELECTOR = YES;
				GCC_WARN_UNINITIALIZED_AUTOS = YES_AGGRESSIVE;
				GCC_WARN_UNUSED_FUNCTION = YES;
				GCC_WARN_UNUSED_VARIABLE = YES;
				IPHONEOS_DEPLOYMENT_TARGET = 14.0;
				MTL_ENABLE_DEBUG_INFO = NO;
				MTL_FAST_MATH = YES;
				SDKROOT = iphoneos;
				SWIFT_COMPILATION_MODE = wholemodule;
				SWIFT_OPTIMIZATION_LEVEL = "-O";
				VALIDATE_PRODUCT = YES;
			};
			name = Release;
		};
		186CD83B25E0F2BB00926E91 /* Debug */ = {
			isa = XCBuildConfiguration;
			buildSettings = {
				ASSETCATALOG_COMPILER_APPICON_NAME = AppIcon;
				ASSETCATALOG_COMPILER_GLOBAL_ACCENT_COLOR_NAME = AccentColor;
				CODE_SIGN_STYLE = Automatic;
				DEVELOPMENT_TEAM = 7C8P9U47ZE;
				INFOPLIST_FILE = SkuadAssignment/Info.plist;
				LD_RUNPATH_SEARCH_PATHS = (
					"$(inherited)",
					"@executable_path/Frameworks",
				);
				PRODUCT_BUNDLE_IDENTIFIER = com.care.SkuadAssignment;
				PRODUCT_NAME = "$(TARGET_NAME)";
				SWIFT_VERSION = 5.0;
				TARGETED_DEVICE_FAMILY = "1,2";
			};
			name = Debug;
		};
		186CD83C25E0F2BB00926E91 /* Release */ = {
			isa = XCBuildConfiguration;
			buildSettings = {
				ASSETCATALOG_COMPILER_APPICON_NAME = AppIcon;
				ASSETCATALOG_COMPILER_GLOBAL_ACCENT_COLOR_NAME = AccentColor;
				CODE_SIGN_STYLE = Automatic;
				DEVELOPMENT_TEAM = 7C8P9U47ZE;
				INFOPLIST_FILE = SkuadAssignment/Info.plist;
				LD_RUNPATH_SEARCH_PATHS = (
					"$(inherited)",
					"@executable_path/Frameworks",
				);
				PRODUCT_BUNDLE_IDENTIFIER = com.care.SkuadAssignment;
				PRODUCT_NAME = "$(TARGET_NAME)";
				SWIFT_VERSION = 5.0;
				TARGETED_DEVICE_FAMILY = "1,2";
			};
			name = Release;
		};
/* End XCBuildConfiguration section */

/* Begin XCConfigurationList section */
		186CD82125E0F2B800926E91 /* Build configuration list for PBXProject "SkuadAssignment" */ = {
			isa = XCConfigurationList;
			buildConfigurations = (
				186CD83825E0F2BB00926E91 /* Debug */,
				186CD83925E0F2BB00926E91 /* Release */,
			);
			defaultConfigurationIsVisible = 0;
			defaultConfigurationName = Release;
		};
		186CD83A25E0F2BB00926E91 /* Build configuration list for PBXNativeTarget "SkuadAssignment" */ = {
			isa = XCConfigurationList;
			buildConfigurations = (
				186CD83B25E0F2BB00926E91 /* Debug */,
				186CD83C25E0F2BB00926E91 /* Release */,
			);
			defaultConfigurationIsVisible = 0;
			defaultConfigurationName = Release;
		};
/* End XCConfigurationList section */
	};
	rootObject = 186CD81E25E0F2B800926E91 /* Project object */;
}
